// !$*UTF8*$!
{
	archiveVersion = 1;
	classes = {
	};
	objectVersion = 51;
	objects = {

/* Begin PBXBuildFile section */
		B062055C25C7BC3B0052C13C /* AppDelegate.m in Sources */ = {isa = PBXBuildFile; fileRef = B062055B25C7BC3B0052C13C /* AppDelegate.m */; };
		B062055F25C7BC3B0052C13C /* SceneDelegate.m in Sources */ = {isa = PBXBuildFile; fileRef = B062055E25C7BC3B0052C13C /* SceneDelegate.m */; };
		B062056225C7BC3B0052C13C /* ViewController.m in Sources */ = {isa = PBXBuildFile; fileRef = B062056125C7BC3B0052C13C /* ViewController.m */; };
		B062056525C7BC3B0052C13C /* Main.storyboard in Resources */ = {isa = PBXBuildFile; fileRef = B062056325C7BC3B0052C13C /* Main.storyboard */; };
		B062056725C7BC3D0052C13C /* Assets.xcassets in Resources */ = {isa = PBXBuildFile; fileRef = B062056625C7BC3D0052C13C /* Assets.xcassets */; };
		B062056A25C7BC3D0052C13C /* LaunchScreen.storyboard in Resources */ = {isa = PBXBuildFile; fileRef = B062056825C7BC3D0052C13C /* LaunchScreen.storyboard */; };
		B062056D25C7BC3D0052C13C /* main.m in Sources */ = {isa = PBXBuildFile; fileRef = B062056C25C7BC3D0052C13C /* main.m */; };
		F072E6026AB57E2512EF023C /* Pods_DemoProject.framework in Frameworks */ = {isa = PBXBuildFile; fileRef = DD4676030BE11B82A868F206 /* Pods_DemoProject.framework */; };
/* End PBXBuildFile section */

/* Begin PBXFileReference section */
		533CFBE5F3E416E42F45C78A /* Pods-DemoProject.debug.xcconfig */ = {isa = PBXFileReference; includeInIndex = 1; lastKnownFileType = text.xcconfig; name = "Pods-DemoProject.debug.xcconfig"; path = "Target Support Files/Pods-DemoProject/Pods-DemoProject.debug.xcconfig"; sourceTree = "<group>"; };
		91A385E9A390346A2AE3E823 /* Pods-DemoProject.release.xcconfig */ = {isa = PBXFileReference; includeInIndex = 1; lastKnownFileType = text.xcconfig; name = "Pods-DemoProject.release.xcconfig"; path = "Target Support Files/Pods-DemoProject/Pods-DemoProject.release.xcconfig"; sourceTree = "<group>"; };
		B062055725C7BC3B0052C13C /* DemoProject.app */ = {isa = PBXFileReference; explicitFileType = wrapper.application; includeInIndex = 0; path = DemoProject.app; sourceTree = BUILT_PRODUCTS_DIR; };
		B062055A25C7BC3B0052C13C /* AppDelegate.h */ = {isa = PBXFileReference; lastKnownFileType = sourcecode.c.h; path = AppDelegate.h; sourceTree = "<group>"; };
		B062055B25C7BC3B0052C13C /* AppDelegate.m */ = {isa = PBXFileReference; lastKnownFileType = sourcecode.c.objc; path = AppDelegate.m; sourceTree = "<group>"; };
		B062055D25C7BC3B0052C13C /* SceneDelegate.h */ = {isa = PBXFileReference; lastKnownFileType = sourcecode.c.h; path = SceneDelegate.h; sourceTree = "<group>"; };
		B062055E25C7BC3B0052C13C /* SceneDelegate.m */ = {isa = PBXFileReference; lastKnownFileType = sourcecode.c.objc; path = SceneDelegate.m; sourceTree = "<group>"; };
		B062056025C7BC3B0052C13C /* ViewController.h */ = {isa = PBXFileReference; lastKnownFileType = sourcecode.c.h; path = ViewController.h; sourceTree = "<group>"; };
		B062056125C7BC3B0052C13C /* ViewController.m */ = {isa = PBXFileReference; lastKnownFileType = sourcecode.c.objc; path = ViewController.m; sourceTree = "<group>"; };
		B062056425C7BC3B0052C13C /* Base */ = {isa = PBXFileReference; lastKnownFileType = file.storyboard; name = Base; path = Base.lproj/Main.storyboard; sourceTree = "<group>"; };
		B062056625C7BC3D0052C13C /* Assets.xcassets */ = {isa = PBXFileReference; lastKnownFileType = folder.assetcatalog; path = Assets.xcassets; sourceTree = "<group>"; };
		B062056925C7BC3D0052C13C /* Base */ = {isa = PBXFileReference; lastKnownFileType = file.storyboard; name = Base; path = Base.lproj/LaunchScreen.storyboard; sourceTree = "<group>"; };
		B062056B25C7BC3D0052C13C /* Info.plist */ = {isa = PBXFileReference; lastKnownFileType = text.plist.xml; path = Info.plist; sourceTree = "<group>"; };
		B062056C25C7BC3D0052C13C /* main.m */ = {isa = PBXFileReference; lastKnownFileType = sourcecode.c.objc; path = main.m; sourceTree = "<group>"; };
		DD4676030BE11B82A868F206 /* Pods_DemoProject.framework */ = {isa = PBXFileReference; explicitFileType = wrapper.framework; includeInIndex = 0; path = Pods_DemoProject.framework; sourceTree = BUILT_PRODUCTS_DIR; };
/* End PBXFileReference section */

/* Begin PBXFrameworksBuildPhase section */
		B062055425C7BC3B0052C13C /* Frameworks */ = {
			isa = PBXFrameworksBuildPhase;
			buildActionMask = 2147483647;
			files = (
				F072E6026AB57E2512EF023C /* Pods_DemoProject.framework in Frameworks */,
			);
			runOnlyForDeploymentPostprocessing = 0;
		};
/* End PBXFrameworksBuildPhase section */

/* Begin PBXGroup section */
		A46DF93DAD51406F4462CCF4 /* Frameworks */ = {
			isa = PBXGroup;
			children = (
				DD4676030BE11B82A868F206 /* Pods_DemoProject.framework */,
			);
			name = Frameworks;
			sourceTree = "<group>";
		};
		B062054E25C7BC3B0052C13C = {
			isa = PBXGroup;
			children = (
				B062055925C7BC3B0052C13C /* DemoProject */,
				B062055825C7BC3B0052C13C /* Products */,
				D74EF1099226DC1B7E7BF5BA /* Pods */,
				A46DF93DAD51406F4462CCF4 /* Frameworks */,
			);
			sourceTree = "<group>";
		};
		B062055825C7BC3B0052C13C /* Products */ = {
			isa = PBXGroup;
			children = (
				B062055725C7BC3B0052C13C /* DemoProject.app */,
			);
			name = Products;
			sourceTree = "<group>";
		};
		B062055925C7BC3B0052C13C /* DemoProject */ = {
			isa = PBXGroup;
			children = (
				B062055A25C7BC3B0052C13C /* AppDelegate.h */,
				B062055B25C7BC3B0052C13C /* AppDelegate.m */,
				B062055D25C7BC3B0052C13C /* SceneDelegate.h */,
				B062055E25C7BC3B0052C13C /* SceneDelegate.m */,
				B062056025C7BC3B0052C13C /* ViewController.h */,
				B062056125C7BC3B0052C13C /* ViewController.m */,
				B062056325C7BC3B0052C13C /* Main.storyboard */,
				B062056625C7BC3D0052C13C /* Assets.xcassets */,
				B062056825C7BC3D0052C13C /* LaunchScreen.storyboard */,
				B062056B25C7BC3D0052C13C /* Info.plist */,
				B062056C25C7BC3D0052C13C /* main.m */,
			);
			path = DemoProject;
			sourceTree = "<group>";
		};
		D74EF1099226DC1B7E7BF5BA /* Pods */ = {
			isa = PBXGroup;
			children = (
				533CFBE5F3E416E42F45C78A /* Pods-DemoProject.debug.xcconfig */,
				91A385E9A390346A2AE3E823 /* Pods-DemoProject.release.xcconfig */,
			);
			path = Pods;
			sourceTree = "<group>";
		};
/* End PBXGroup section */

/* Begin PBXNativeTarget section */
		B062055625C7BC3B0052C13C /* DemoProject */ = {
			isa = PBXNativeTarget;
			buildConfigurationList = B062057025C7BC3D0052C13C /* Build configuration list for PBXNativeTarget "DemoProject" */;
			buildPhases = (
				8C6B664615E045C1424E4EB1 /* [CP] Check Pods Manifest.lock */,
				B062055325C7BC3B0052C13C /* Sources */,
				B062055425C7BC3B0052C13C /* Frameworks */,
				B062055525C7BC3B0052C13C /* Resources */,
				346C49E1F9B2DD51D67B0861 /* [CP] Embed Pods Frameworks */,
			);
			buildRules = (
			);
			dependencies = (
			);
			name = DemoProject;
			productName = DemoProject;
			productReference = B062055725C7BC3B0052C13C /* DemoProject.app */;
			productType = "com.apple.product-type.application";
		};
/* End PBXNativeTarget section */

/* Begin PBXProject section */
		B062054F25C7BC3B0052C13C /* Project object */ = {
			isa = PBXProject;
			attributes = {
				LastUpgradeCheck = 1160;
				ORGANIZATIONNAME = RN;
				TargetAttributes = {
					B062055625C7BC3B0052C13C = {
						CreatedOnToolsVersion = 11.6;
					};
				};
			};
			buildConfigurationList = B062055225C7BC3B0052C13C /* Build configuration list for PBXProject "DemoProject" */;
			compatibilityVersion = "Xcode 9.3";
			developmentRegion = en;
			hasScannedForEncodings = 0;
			knownRegions = (
				en,
				Base,
			);
			mainGroup = B062054E25C7BC3B0052C13C;
			productRefGroup = B062055825C7BC3B0052C13C /* Products */;
			projectDirPath = "";
			projectRoot = "";
			targets = (
				B062055625C7BC3B0052C13C /* DemoProject */,
			);
		};
/* End PBXProject section */

/* Begin PBXResourcesBuildPhase section */
		B062055525C7BC3B0052C13C /* Resources */ = {
			isa = PBXResourcesBuildPhase;
			buildActionMask = 2147483647;
			files = (
				B062056A25C7BC3D0052C13C /* LaunchScreen.storyboard in Resources */,
				B062056725C7BC3D0052C13C /* Assets.xcassets in Resources */,
				B062056525C7BC3B0052C13C /* Main.storyboard in Resources */,
			);
			runOnlyForDeploymentPostprocessing = 0;
		};
/* End PBXResourcesBuildPhase section */

/* Begin PBXShellScriptBuildPhase section */
		346C49E1F9B2DD51D67B0861 /* [CP] Embed Pods Frameworks */ = {
			isa = PBXShellScriptBuildPhase;
			buildActionMask = 2147483647;
			files = (
			);
			inputFileListPaths = (
				"${PODS_ROOT}/Target Support Files/Pods-DemoProject/Pods-DemoProject-frameworks-${CONFIGURATION}-input-files.xcfilelist",
			);
			name = "[CP] Embed Pods Frameworks";
			outputFileListPaths = (
				"${PODS_ROOT}/Target Support Files/Pods-DemoProject/Pods-DemoProject-frameworks-${CONFIGURATION}-output-files.xcfilelist",
			);
			runOnlyForDeploymentPostprocessing = 0;
			shellPath = /bin/sh;
			shellScript = "\"${PODS_ROOT}/Target Support Files/Pods-DemoProject/Pods-DemoProject-frameworks.sh\"\n";
			showEnvVarsInLog = 0;
		};
		8C6B664615E045C1424E4EB1 /* [CP] Check Pods Manifest.lock */ = {
			isa = PBXShellScriptBuildPhase;
			buildActionMask = 2147483647;
			files = (
			);
			inputFileListPaths = (
			);
			inputPaths = (
				"${PODS_PODFILE_DIR_PATH}/Podfile.lock",
				"${PODS_ROOT}/Manifest.lock",
			);
			name = "[CP] Check Pods Manifest.lock";
			outputFileListPaths = (
			);
			outputPaths = (
				"$(DERIVED_FILE_DIR)/Pods-DemoProject-checkManifestLockResult.txt",
			);
			runOnlyForDeploymentPostprocessing = 0;
			shellPath = /bin/sh;
			shellScript = "diff \"${PODS_PODFILE_DIR_PATH}/Podfile.lock\" \"${PODS_ROOT}/Manifest.lock\" > /dev/null\nif [ $? != 0 ] ; then\n    # print error to STDERR\n    echo \"error: The sandbox is not in sync with the Podfile.lock. Run 'pod install' or update your CocoaPods installation.\" >&2\n    exit 1\nfi\n# This output is used by Xcode 'outputs' to avoid re-running this script phase.\necho \"SUCCESS\" > \"${SCRIPT_OUTPUT_FILE_0}\"\n";
			showEnvVarsInLog = 0;
		};
/* End PBXShellScriptBuildPhase section */

/* Begin PBXSourcesBuildPhase section */
		B062055325C7BC3B0052C13C /* Sources */ = {
			isa = PBXSourcesBuildPhase;
			buildActionMask = 2147483647;
			files = (
				B062056225C7BC3B0052C13C /* ViewController.m in Sources */,
				B062055C25C7BC3B0052C13C /* AppDelegate.m in Sources */,
				B062056D25C7BC3D0052C13C /* main.m in Sources */,
				B062055F25C7BC3B0052C13C /* SceneDelegate.m in Sources */,
			);
			runOnlyForDeploymentPostprocessing = 0;
		};
/* End PBXSourcesBuildPhase section */

/* Begin PBXVariantGroup section */
		B062056325C7BC3B0052C13C /* Main.storyboard */ = {
			isa = PBXVariantGroup;
			children = (
				B062056425C7BC3B0052C13C /* Base */,
			);
			name = Main.storyboard;
			sourceTree = "<group>";
		};
		B062056825C7BC3D0052C13C /* LaunchScreen.storyboard */ = {
			isa = PBXVariantGroup;
			children = (
				B062056925C7BC3D0052C13C /* Base */,
			);
			name = LaunchScreen.storyboard;
			sourceTree = "<group>";
		};
/* End PBXVariantGroup section */

/* Begin XCBuildConfiguration section */
		B062056E25C7BC3D0052C13C /* Debug */ = {
			isa = XCBuildConfiguration;
			buildSettings = {
				ALWAYS_SEARCH_USER_PATHS = NO;
				CLANG_ANALYZER_NONNULL = YES;
				CLANG_ANALYZER_NUMBER_OBJECT_CONVERSION = YES_AGGRESSIVE;
				CLANG_CXX_LANGUAGE_STANDARD = "gnu++14";
				CLANG_CXX_LIBRARY = "libc++";
				CLANG_ENABLE_MODULES = YES;
				CLANG_ENABLE_OBJC_ARC = YES;
				CLANG_ENABLE_OBJC_WEAK = YES;
				CLANG_WARN_BLOCK_CAPTURE_AUTORELEASING = YES;
				CLANG_WARN_BOOL_CONVERSION = YES;
				CLANG_WARN_COMMA = YES;
				CLANG_WARN_CONSTANT_CONVERSION = YES;
				CLANG_WARN_DEPRECATED_OBJC_IMPLEMENTATIONS = YES;
				CLANG_WARN_DIRECT_OBJC_ISA_USAGE = YES_ERROR;
				CLANG_WARN_DOCUMENTATION_COMMENTS = YES;
				CLANG_WARN_EMPTY_BODY = YES;
				CLANG_WARN_ENUM_CONVERSION = YES;
				CLANG_WARN_INFINITE_RECURSION = YES;
				CLANG_WARN_INT_CONVERSION = YES;
				CLANG_WARN_NON_LITERAL_NULL_CONVERSION = YES;
				CLANG_WARN_OBJC_IMPLICIT_RETAIN_SELF = YES;
				CLANG_WARN_OBJC_LITERAL_CONVERSION = YES;
				CLANG_WARN_OBJC_ROOT_CLASS = YES_ERROR;
				CLANG_WARN_RANGE_LOOP_ANALYSIS = YES;
				CLANG_WARN_STRICT_PROTOTYPES = YES;
				CLANG_WARN_SUSPICIOUS_MOVE = YES;
				CLANG_WARN_UNGUARDED_AVAILABILITY = YES_AGGRESSIVE;
				CLANG_WARN_UNREACHABLE_CODE = YES;
				CLANG_WARN__DUPLICATE_METHOD_MATCH = YES;
				COPY_PHASE_STRIP = NO;
				DEBUG_INFORMATION_FORMAT = dwarf;
				ENABLE_STRICT_OBJC_MSGSEND = YES;
				ENABLE_TESTABILITY = YES;
				GCC_C_LANGUAGE_STANDARD = gnu11;
				GCC_DYNAMIC_NO_PIC = NO;
				GCC_NO_COMMON_BLOCKS = YES;
				GCC_OPTIMIZATION_LEVEL = 0;
				GCC_PREPROCESSOR_DEFINITIONS = (
					"DEBUG=1",
					"$(inherited)",
				);
				GCC_WARN_64_TO_32_BIT_CONVERSION = YES;
				GCC_WARN_ABOUT_RETURN_TYPE = YES_ERROR;
				GCC_WARN_UNDECLARED_SELECTOR = YES;
				GCC_WARN_UNINITIALIZED_AUTOS = YES_AGGRESSIVE;
				GCC_WARN_UNUSED_FUNCTION = YES;
				GCC_WARN_UNUSED_VARIABLE = YES;
				IPHONEOS_DEPLOYMENT_TARGET = 13.6;
				MTL_ENABLE_DEBUG_INFO = INCLUDE_SOURCE;
				MTL_FAST_MATH = YES;
				ONLY_ACTIVE_ARCH = YES;
				SDKROOT = iphoneos;
			};
			name = Debug;
		};
		B062056F25C7BC3D0052C13C /* Release */ = {
			isa = XCBuildConfiguration;
			buildSettings = {
				ALWAYS_SEARCH_USER_PATHS = NO;
				CLANG_ANALYZER_NONNULL = YES;
				CLANG_ANALYZER_NUMBER_OBJECT_CONVERSION = YES_AGGRESSIVE;
				CLANG_CXX_LANGUAGE_STANDARD = "gnu++14";
				CLANG_CXX_LIBRARY = "libc++";
				CLANG_ENABLE_MODULES = YES;
				CLANG_ENABLE_OBJC_ARC = YES;
				CLANG_ENABLE_OBJC_WEAK = YES;
				CLANG_WARN_BLOCK_CAPTURE_AUTORELEASING = YES;
				CLANG_WARN_BOOL_CONVERSION = YES;
				CLANG_WARN_COMMA = YES;
				CLANG_WARN_CONSTANT_CONVERSION = YES;
				CLANG_WARN_DEPRECATED_OBJC_IMPLEMENTATIONS = YES;
				CLANG_WARN_DIRECT_OBJC_ISA_USAGE = YES_ERROR;
				CLANG_WARN_DOCUMENTATION_COMMENTS = YES;
				CLANG_WARN_EMPTY_BODY = YES;
				CLANG_WARN_ENUM_CONVERSION = YES;
				CLANG_WARN_INFINITE_RECURSION = YES;
				CLANG_WARN_INT_CONVERSION = YES;
				CLANG_WARN_NON_LITERAL_NULL_CONVERSION = YES;
				CLANG_WARN_OBJC_IMPLICIT_RETAIN_SELF = YES;
				CLANG_WARN_OBJC_LITERAL_CONVERSION = YES;
				CLANG_WARN_OBJC_ROOT_CLASS = YES_ERROR;
				CLANG_WARN_RANGE_LOOP_ANALYSIS = YES;
				CLANG_WARN_STRICT_PROTOTYPES = YES;
				CLANG_WARN_SUSPICIOUS_MOVE = YES;
				CLANG_WARN_UNGUARDED_AVAILABILITY = YES_AGGRESSIVE;
				CLANG_WARN_UNREACHABLE_CODE = YES;
				CLANG_WARN__DUPLICATE_METHOD_MATCH = YES;
				COPY_PHASE_STRIP = NO;
				DEBUG_INFORMATION_FORMAT = "dwarf-with-dsym";
				ENABLE_NS_ASSERTIONS = NO;
				ENABLE_STRICT_OBJC_MSGSEND = YES;
				GCC_C_LANGUAGE_STANDARD = gnu11;
				GCC_NO_COMMON_BLOCKS = YES;
				GCC_WARN_64_TO_32_BIT_CONVERSION = YES;
				GCC_WARN_ABOUT_RETURN_TYPE = YES_ERROR;
				GCC_WARN_UNDECLARED_SELECTOR = YES;
				GCC_WARN_UNINITIALIZED_AUTOS = YES_AGGRESSIVE;
				GCC_WARN_UNUSED_FUNCTION = YES;
				GCC_WARN_UNUSED_VARIABLE = YES;
				IPHONEOS_DEPLOYMENT_TARGET = 13.6;
				MTL_ENABLE_DEBUG_INFO = NO;
				MTL_FAST_MATH = YES;
				SDKROOT = iphoneos;
				VALIDATE_PRODUCT = YES;
			};
			name = Release;
		};
		B062057125C7BC3D0052C13C /* Debug */ = {
			isa = XCBuildConfiguration;
			baseConfigurationReference = 533CFBE5F3E416E42F45C78A /* Pods-DemoProject.debug.xcconfig */;
			buildSettings = {
				ASSETCATALOG_COMPILER_APPICON_NAME = AppIcon;
				CODE_SIGN_STYLE = Automatic;
				INFOPLIST_FILE = DemoProject/Info.plist;
				LD_RUNPATH_SEARCH_PATHS = (
					"$(inherited)",
					"@executable_path/Frameworks",
				);
				OTHER_LDFLAGS = (
					"$(inherited)",
					"-ObjC",
					"-all_load",
					"-framework",
					"\"ApolloCommonsAgentInfo\"",
					"-framework",
					"\"ApolloCommonsJSONParsing\"",
					"-framework",
					"\"Foundation\"",
					"-framework",
					"\"Mantle\"",
				);
				PRODUCT_BUNDLE_IDENTIFIER = TestApp.DemoProject;
				PRODUCT_NAME = "$(TARGET_NAME)";
				TARGETED_DEVICE_FAMILY = "1,2";
			};
			name = Debug;
		};
		B062057225C7BC3D0052C13C /* Release */ = {
			isa = XCBuildConfiguration;
			baseConfigurationReference = 91A385E9A390346A2AE3E823 /* Pods-DemoProject.release.xcconfig */;
			buildSettings = {
				ASSETCATALOG_COMPILER_APPICON_NAME = AppIcon;
				CODE_SIGN_STYLE = Automatic;
				INFOPLIST_FILE = DemoProject/Info.plist;
				LD_RUNPATH_SEARCH_PATHS = (
					"$(inherited)",
					"@executable_path/Frameworks",
				);
				OTHER_LDFLAGS = (
					"$(inherited)",
					"-ObjC",
					"-all_load",
					"-framework",
					"\"ApolloCommonsAgentInfo\"",
					"-framework",
					"\"ApolloCommonsJSONParsing\"",
					"-framework",
					"\"Foundation\"",
					"-framework",
					"\"Mantle\"",
				);
				PRODUCT_BUNDLE_IDENTIFIER = TestApp.DemoProject;
				PRODUCT_NAME = "$(TARGET_NAME)";
				TARGETED_DEVICE_FAMILY = "1,2";
			};
			name = Release;
		};
/* End XCBuildConfiguration section */

/* Begin XCConfigurationList section */
		B062055225C7BC3B0052C13C /* Build configuration list for PBXProject "DemoProject" */ = {
			isa = XCConfigurationList;
			buildConfigurations = (
				B062056E25C7BC3D0052C13C /* Debug */,
				B062056F25C7BC3D0052C13C /* Release */,
			);
			defaultConfigurationIsVisible = 0;
			defaultConfigurationName = Release;
		};
		B062057025C7BC3D0052C13C /* Build configuration list for PBXNativeTarget "DemoProject" */ = {
			isa = XCConfigurationList;
			buildConfigurations = (
				B062057125C7BC3D0052C13C /* Debug */,
				B062057225C7BC3D0052C13C /* Release */,
			);
			defaultConfigurationIsVisible = 0;
			defaultConfigurationName = Release;
		};
/* End XCConfigurationList section */
	};
	rootObject = B062054F25C7BC3B0052C13C /* Project object */;
}
